
Microsoft Visual Studio Solution File, Format Version 12.00
# Visual Studio 15
VisualStudioVersion = 15.0.28307.168
MinimumVisualStudioVersion = 10.0.40219.1
Project("{FAE04EC0-301F-11D3-BF4B-00C04F79EFBC}") = "PetsStore", "PetsStore\PetsStore.csproj", "{299AC81D-4224-4B47-8ED6-F5182767CDEB}"
EndProject
Global
	GlobalSection(SolutionConfigurationPlatforms) = preSolution
		Debug|Any CPU = Debug|Any CPU
		Release|Any CPU = Release|Any CPU
	EndGlobalSection
	GlobalSection(ProjectConfigurationPlatforms) = postSolution
		{299AC81D-4224-4B47-8ED6-F5182767CDEB}.Debug|Any CPU.ActiveCfg = Debug|Any CPU
		{299AC81D-4224-4B47-8ED6-F5182767CDEB}.Debug|Any CPU.Build.0 = Debug|Any CPU
		{299AC81D-4224-4B47-8ED6-F5182767CDEB}.Release|Any CPU.ActiveCfg = Release|Any CPU
		{299AC81D-4224-4B47-8ED6-F5182767CDEB}.Release|Any CPU.Build.0 = Release|Any CPU
	EndGlobalSection
	GlobalSection(SolutionProperties) = preSolution
		HideSolutionNode = FALSE
	EndGlobalSection
	GlobalSection(ExtensibilityGlobals) = postSolution
		SolutionGuid = {9B0CF7EE-A93E-4D1D-815B-FC6A68F2203F}
	EndGlobalSection
EndGlobal
